// !$*UTF8*$!
{
	archiveVersion = 1;
	classes = {
	};
	objectVersion = 50;
	objects = {

/* Begin PBXBuildFile section */
		140123CC20D8042600C4E50E /* AppDelegate.m in Sources */ = {isa = PBXBuildFile; fileRef = 140123CB20D8042600C4E50E /* AppDelegate.m */; };
		140123CF20D8042600C4E50E /* ViewController.m in Sources */ = {isa = PBXBuildFile; fileRef = 140123CE20D8042600C4E50E /* ViewController.m */; };
		140123D420D8042700C4E50E /* Assets.xcassets in Resources */ = {isa = PBXBuildFile; fileRef = 140123D320D8042700C4E50E /* Assets.xcassets */; };
		140123D720D8042700C4E50E /* LaunchScreen.storyboard in Resources */ = {isa = PBXBuildFile; fileRef = 140123D520D8042700C4E50E /* LaunchScreen.storyboard */; };
		140123DA20D8042700C4E50E /* main.m in Sources */ = {isa = PBXBuildFile; fileRef = 140123D920D8042700C4E50E /* main.m */; };
		140123E120D8049C00C4E50E /* ViewController.xib in Resources */ = {isa = PBXBuildFile; fileRef = 140123E020D8049C00C4E50E /* ViewController.xib */; };
		140123E520D8064F00C4E50E /* SYVideoFrame.m in Sources */ = {isa = PBXBuildFile; fileRef = 140123E420D8064F00C4E50E /* SYVideoFrame.m */; };
		140123E820D806BE00C4E50E /* SYPlayView.m in Sources */ = {isa = PBXBuildFile; fileRef = 140123E720D806BE00C4E50E /* SYPlayView.m */; };
		140123EB20D8072900C4E50E /* SYShader.m in Sources */ = {isa = PBXBuildFile; fileRef = 140123EA20D8072900C4E50E /* SYShader.m */; };
		140123EE20D8073B00C4E50E /* SYTexture.m in Sources */ = {isa = PBXBuildFile; fileRef = 140123ED20D8073B00C4E50E /* SYTexture.m */; };
		140123F120D8074900C4E50E /* SYTransform.m in Sources */ = {isa = PBXBuildFile; fileRef = 140123F020D8074900C4E50E /* SYTransform.m */; };
		1408E33B20DFC3FB00DF2B2E /* NV21ViewController.mm in Sources */ = {isa = PBXBuildFile; fileRef = 1408E33920DFC3FB00DF2B2E /* NV21ViewController.mm */; };
		1408E33C20DFC3FB00DF2B2E /* NV21ViewController.xib in Resources */ = {isa = PBXBuildFile; fileRef = 1408E33A20DFC3FB00DF2B2E /* NV21ViewController.xib */; };
		141DCF5D20DFC0570001F08A /* NV12ViewController.mm in Sources */ = {isa = PBXBuildFile; fileRef = 141DCF5B20DFC0570001F08A /* NV12ViewController.mm */; };
		141DCF5E20DFC0570001F08A /* NV12ViewController.xib in Resources */ = {isa = PBXBuildFile; fileRef = 141DCF5C20DFC0570001F08A /* NV12ViewController.xib */; };
		143540C520DFFC0A0096DD77 /* RGBFS.glsl in Resources */ = {isa = PBXBuildFile; fileRef = 143540C120DFFC090096DD77 /* RGBFS.glsl */; };
		143540C620DFFC0A0096DD77 /* YUVFS.glsl in Resources */ = {isa = PBXBuildFile; fileRef = 143540C220DFFC090096DD77 /* YUVFS.glsl */; };
		143540C720DFFC0A0096DD77 /* RGBVS.glsl in Resources */ = {isa = PBXBuildFile; fileRef = 143540C320DFFC090096DD77 /* RGBVS.glsl */; };
		143540C820DFFC0A0096DD77 /* YUVVS.glsl in Resources */ = {isa = PBXBuildFile; fileRef = 143540C420DFFC090096DD77 /* YUVVS.glsl */; };
		1476C3EE20F501CB00BEF1F7 /* RGB565ViewController.mm in Sources */ = {isa = PBXBuildFile; fileRef = 1476C3EC20F501CB00BEF1F7 /* RGB565ViewController.mm */; };
		1476C3EF20F501CB00BEF1F7 /* RGB565ViewController.xib in Resources */ = {isa = PBXBuildFile; fileRef = 1476C3ED20F501CB00BEF1F7 /* RGB565ViewController.xib */; };
		14B7834220D95643006BBA98 /* SYFullScreenView.m in Sources */ = {isa = PBXBuildFile; fileRef = 14B7834020D95643006BBA98 /* SYFullScreenView.m */; };
		14B7834920D95B13006BBA98 /* SYScalingView.m in Sources */ = {isa = PBXBuildFile; fileRef = 14B7834720D95B13006BBA98 /* SYScalingView.m */; };
		14BDC4EB20DEA33C00B02AF1 /* I420ViewController.mm in Sources */ = {isa = PBXBuildFile; fileRef = 14BDC4E920DEA33C00B02AF1 /* I420ViewController.mm */; };
		14BDC4EC20DEA33C00B02AF1 /* I420ViewController.xib in Resources */ = {isa = PBXBuildFile; fileRef = 14BDC4EA20DEA33C00B02AF1 /* I420ViewController.xib */; };
		14BDC4F220DEA66800B02AF1 /* RGB24ViewController.mm in Sources */ = {isa = PBXBuildFile; fileRef = 14BDC4F020DEA66800B02AF1 /* RGB24ViewController.mm */; };
		14BDC4F320DEA66800B02AF1 /* RGB24ViewController.xib in Resources */ = {isa = PBXBuildFile; fileRef = 14BDC4F120DEA66800B02AF1 /* RGB24ViewController.xib */; };
		14CDB3A120FE281B00ABEB82 /* SYOpenALPlayer.cpp in Sources */ = {isa = PBXBuildFile; fileRef = 14CDB39E20FE281B00ABEB82 /* SYOpenALPlayer.cpp */; };
		14CDB3A220FE281B00ABEB82 /* SYWavHeader.cpp in Sources */ = {isa = PBXBuildFile; fileRef = 14CDB3A020FE281B00ABEB82 /* SYWavHeader.cpp */; };
		14CDB3A520FE282500ABEB82 /* OpenAL.framework in Frameworks */ = {isa = PBXBuildFile; fileRef = 14CDB3A420FE282500ABEB82 /* OpenAL.framework */; };
/* End PBXBuildFile section */

/* Begin PBXFileReference section */
		140123C720D8042600C4E50E /* SYPlayViewExample.app */ = {isa = PBXFileReference; explicitFileType = wrapper.application; includeInIndex = 0; path = SYPlayViewExample.app; sourceTree = BUILT_PRODUCTS_DIR; };
		140123CA20D8042600C4E50E /* AppDelegate.h */ = {isa = PBXFileReference; lastKnownFileType = sourcecode.c.h; path = AppDelegate.h; sourceTree = "<group>"; };
		140123CB20D8042600C4E50E /* AppDelegate.m */ = {isa = PBXFileReference; lastKnownFileType = sourcecode.c.objc; path = AppDelegate.m; sourceTree = "<group>"; };
		140123CD20D8042600C4E50E /* ViewController.h */ = {isa = PBXFileReference; lastKnownFileType = sourcecode.c.h; path = ViewController.h; sourceTree = "<group>"; };
		140123CE20D8042600C4E50E /* ViewController.m */ = {isa = PBXFileReference; lastKnownFileType = sourcecode.c.objc; path = ViewController.m; sourceTree = "<group>"; };
		140123D320D8042700C4E50E /* Assets.xcassets */ = {isa = PBXFileReference; lastKnownFileType = folder.assetcatalog; path = Assets.xcassets; sourceTree = "<group>"; };
		140123D620D8042700C4E50E /* Base */ = {isa = PBXFileReference; lastKnownFileType = file.storyboard; name = Base; path = Base.lproj/LaunchScreen.storyboard; sourceTree = "<group>"; };
		140123D820D8042700C4E50E /* Info.plist */ = {isa = PBXFileReference; lastKnownFileType = text.plist.xml; path = Info.plist; sourceTree = "<group>"; };
		140123D920D8042700C4E50E /* main.m */ = {isa = PBXFileReference; lastKnownFileType = sourcecode.c.objc; path = main.m; sourceTree = "<group>"; };
		140123E020D8049C00C4E50E /* ViewController.xib */ = {isa = PBXFileReference; lastKnownFileType = file.xib; path = ViewController.xib; sourceTree = "<group>"; };
		140123E320D8064F00C4E50E /* SYVideoFrame.h */ = {isa = PBXFileReference; lastKnownFileType = sourcecode.c.h; path = SYVideoFrame.h; sourceTree = "<group>"; };
		140123E420D8064F00C4E50E /* SYVideoFrame.m */ = {isa = PBXFileReference; lastKnownFileType = sourcecode.c.objc; path = SYVideoFrame.m; sourceTree = "<group>"; };
		140123E620D806BE00C4E50E /* SYPlayView.h */ = {isa = PBXFileReference; lastKnownFileType = sourcecode.c.h; path = SYPlayView.h; sourceTree = "<group>"; };
		140123E720D806BE00C4E50E /* SYPlayView.m */ = {isa = PBXFileReference; lastKnownFileType = sourcecode.c.objc; path = SYPlayView.m; sourceTree = "<group>"; };
		140123E920D8072900C4E50E /* SYShader.h */ = {isa = PBXFileReference; lastKnownFileType = sourcecode.c.h; path = SYShader.h; sourceTree = "<group>"; };
		140123EA20D8072900C4E50E /* SYShader.m */ = {isa = PBXFileReference; lastKnownFileType = sourcecode.c.objc; path = SYShader.m; sourceTree = "<group>"; };
		140123EC20D8073B00C4E50E /* SYTexture.h */ = {isa = PBXFileReference; lastKnownFileType = sourcecode.c.h; path = SYTexture.h; sourceTree = "<group>"; };
		140123ED20D8073B00C4E50E /* SYTexture.m */ = {isa = PBXFileReference; lastKnownFileType = sourcecode.c.objc; path = SYTexture.m; sourceTree = "<group>"; };
		140123EF20D8074900C4E50E /* SYTransform.h */ = {isa = PBXFileReference; lastKnownFileType = sourcecode.c.h; path = SYTransform.h; sourceTree = "<group>"; };
		140123F020D8074900C4E50E /* SYTransform.m */ = {isa = PBXFileReference; lastKnownFileType = sourcecode.c.objc; path = SYTransform.m; sourceTree = "<group>"; };
		1408E33820DFC3FB00DF2B2E /* NV21ViewController.h */ = {isa = PBXFileReference; lastKnownFileType = sourcecode.c.h; path = NV21ViewController.h; sourceTree = "<group>"; };
		1408E33920DFC3FB00DF2B2E /* NV21ViewController.mm */ = {isa = PBXFileReference; lastKnownFileType = sourcecode.cpp.objcpp; path = NV21ViewController.mm; sourceTree = "<group>"; };
		1408E33A20DFC3FB00DF2B2E /* NV21ViewController.xib */ = {isa = PBXFileReference; lastKnownFileType = file.xib; path = NV21ViewController.xib; sourceTree = "<group>"; };
		141DCF5A20DFC0570001F08A /* NV12ViewController.h */ = {isa = PBXFileReference; lastKnownFileType = sourcecode.c.h; path = NV12ViewController.h; sourceTree = "<group>"; };
		141DCF5B20DFC0570001F08A /* NV12ViewController.mm */ = {isa = PBXFileReference; lastKnownFileType = sourcecode.cpp.objcpp; path = NV12ViewController.mm; sourceTree = "<group>"; };
		141DCF5C20DFC0570001F08A /* NV12ViewController.xib */ = {isa = PBXFileReference; lastKnownFileType = file.xib; path = NV12ViewController.xib; sourceTree = "<group>"; };
		143540C120DFFC090096DD77 /* RGBFS.glsl */ = {isa = PBXFileReference; fileEncoding = 4; lastKnownFileType = text; path = RGBFS.glsl; sourceTree = "<group>"; };
		143540C220DFFC090096DD77 /* YUVFS.glsl */ = {isa = PBXFileReference; fileEncoding = 4; lastKnownFileType = text; path = YUVFS.glsl; sourceTree = "<group>"; };
		143540C320DFFC090096DD77 /* RGBVS.glsl */ = {isa = PBXFileReference; fileEncoding = 4; lastKnownFileType = text; path = RGBVS.glsl; sourceTree = "<group>"; };
		143540C420DFFC090096DD77 /* YUVVS.glsl */ = {isa = PBXFileReference; fileEncoding = 4; lastKnownFileType = text; path = YUVVS.glsl; sourceTree = "<group>"; };
		1476C3EB20F501CB00BEF1F7 /* RGB565ViewController.h */ = {isa = PBXFileReference; lastKnownFileType = sourcecode.c.h; path = RGB565ViewController.h; sourceTree = "<group>"; };
		1476C3EC20F501CB00BEF1F7 /* RGB565ViewController.mm */ = {isa = PBXFileReference; lastKnownFileType = sourcecode.cpp.objcpp; path = RGB565ViewController.mm; sourceTree = "<group>"; };
		1476C3ED20F501CB00BEF1F7 /* RGB565ViewController.xib */ = {isa = PBXFileReference; lastKnownFileType = file.xib; path = RGB565ViewController.xib; sourceTree = "<group>"; };
		14B7834020D95643006BBA98 /* SYFullScreenView.m */ = {isa = PBXFileReference; fileEncoding = 4; lastKnownFileType = sourcecode.c.objc; path = SYFullScreenView.m; sourceTree = "<group>"; };
		14B7834120D95643006BBA98 /* SYFullScreenView.h */ = {isa = PBXFileReference; fileEncoding = 4; lastKnownFileType = sourcecode.c.h; path = SYFullScreenView.h; sourceTree = "<group>"; };
		14B7834720D95B13006BBA98 /* SYScalingView.m */ = {isa = PBXFileReference; fileEncoding = 4; lastKnownFileType = sourcecode.c.objc; path = SYScalingView.m; sourceTree = "<group>"; };
		14B7834820D95B13006BBA98 /* SYScalingView.h */ = {isa = PBXFileReference; fileEncoding = 4; lastKnownFileType = sourcecode.c.h; path = SYScalingView.h; sourceTree = "<group>"; };
		14BDC4E820DEA33C00B02AF1 /* I420ViewController.h */ = {isa = PBXFileReference; lastKnownFileType = sourcecode.c.h; path = I420ViewController.h; sourceTree = "<group>"; };
		14BDC4E920DEA33C00B02AF1 /* I420ViewController.mm */ = {isa = PBXFileReference; lastKnownFileType = sourcecode.cpp.objcpp; path = I420ViewController.mm; sourceTree = "<group>"; };
		14BDC4EA20DEA33C00B02AF1 /* I420ViewController.xib */ = {isa = PBXFileReference; lastKnownFileType = file.xib; path = I420ViewController.xib; sourceTree = "<group>"; };
		14BDC4EF20DEA66800B02AF1 /* RGB24ViewController.h */ = {isa = PBXFileReference; lastKnownFileType = sourcecode.c.h; path = RGB24ViewController.h; sourceTree = "<group>"; };
		14BDC4F020DEA66800B02AF1 /* RGB24ViewController.mm */ = {isa = PBXFileReference; lastKnownFileType = sourcecode.cpp.objcpp; path = RGB24ViewController.mm; sourceTree = "<group>"; };
		14BDC4F120DEA66800B02AF1 /* RGB24ViewController.xib */ = {isa = PBXFileReference; lastKnownFileType = file.xib; path = RGB24ViewController.xib; sourceTree = "<group>"; };
		14CDB39D20FE281B00ABEB82 /* SYOpenALPlayer.h */ = {isa = PBXFileReference; fileEncoding = 4; lastKnownFileType = sourcecode.c.h; path = SYOpenALPlayer.h; sourceTree = "<group>"; };
		14CDB39E20FE281B00ABEB82 /* SYOpenALPlayer.cpp */ = {isa = PBXFileReference; fileEncoding = 4; lastKnownFileType = sourcecode.cpp.cpp; path = SYOpenALPlayer.cpp; sourceTree = "<group>"; };
		14CDB39F20FE281B00ABEB82 /* SYWavHeader.h */ = {isa = PBXFileReference; fileEncoding = 4; lastKnownFileType = sourcecode.c.h; path = SYWavHeader.h; sourceTree = "<group>"; };
		14CDB3A020FE281B00ABEB82 /* SYWavHeader.cpp */ = {isa = PBXFileReference; fileEncoding = 4; lastKnownFileType = sourcecode.cpp.cpp; path = SYWavHeader.cpp; sourceTree = "<group>"; };
		14CDB3A420FE282500ABEB82 /* OpenAL.framework */ = {isa = PBXFileReference; lastKnownFileType = wrapper.framework; name = OpenAL.framework; path = System/Library/Frameworks/OpenAL.framework; sourceTree = SDKROOT; };
/* End PBXFileReference section */

/* Begin PBXFrameworksBuildPhase section */
		140123C420D8042600C4E50E /* Frameworks */ = {
			isa = PBXFrameworksBuildPhase;
			buildActionMask = 2147483647;
			files = (
				14CDB3A520FE282500ABEB82 /* OpenAL.framework in Frameworks */,
			);
			runOnlyForDeploymentPostprocessing = 0;
		};
/* End PBXFrameworksBuildPhase section */

/* Begin PBXGroup section */
		140123BE20D8042600C4E50E = {
			isa = PBXGroup;
			children = (
				140123E220D8062000C4E50E /* SYPlayView */,
				140123C920D8042600C4E50E /* SYPlayViewExample */,
				140123C820D8042600C4E50E /* Products */,
				14CDB3A320FE282500ABEB82 /* Frameworks */,
			);
			sourceTree = "<group>";
		};
		140123C820D8042600C4E50E /* Products */ = {
			isa = PBXGroup;
			children = (
				140123C720D8042600C4E50E /* SYPlayViewExample.app */,
			);
			name = Products;
			sourceTree = "<group>";
		};
		140123C920D8042600C4E50E /* SYPlayViewExample */ = {
			isa = PBXGroup;
			children = (
				14CDB39C20FE281B00ABEB82 /* SYOpenALPlayer */,
				140123CA20D8042600C4E50E /* AppDelegate.h */,
				140123CB20D8042600C4E50E /* AppDelegate.m */,
				140123CD20D8042600C4E50E /* ViewController.h */,
				140123CE20D8042600C4E50E /* ViewController.m */,
				140123E020D8049C00C4E50E /* ViewController.xib */,
				14BDC4EE20DEA65300B02AF1 /* RGB */,
				14BDC4ED20DEA63A00B02AF1 /* YUV */,
				140123D320D8042700C4E50E /* Assets.xcassets */,
				140123D520D8042700C4E50E /* LaunchScreen.storyboard */,
				140123D820D8042700C4E50E /* Info.plist */,
				140123D920D8042700C4E50E /* main.m */,
			);
			path = SYPlayViewExample;
			sourceTree = "<group>";
		};
		140123E220D8062000C4E50E /* SYPlayView */ = {
			isa = PBXGroup;
			children = (
				14B7833F20D95643006BBA98 /* SYFullScreenView */,
				14B7834320D95AF7006BBA98 /* SYScalingView */,
				141CD7D520DBE58400A32647 /* GLSL */,
				140123E620D806BE00C4E50E /* SYPlayView.h */,
				140123E720D806BE00C4E50E /* SYPlayView.m */,
				140123E920D8072900C4E50E /* SYShader.h */,
				140123EA20D8072900C4E50E /* SYShader.m */,
				140123EC20D8073B00C4E50E /* SYTexture.h */,
				140123ED20D8073B00C4E50E /* SYTexture.m */,
				140123EF20D8074900C4E50E /* SYTransform.h */,
				140123F020D8074900C4E50E /* SYTransform.m */,
				140123E320D8064F00C4E50E /* SYVideoFrame.h */,
				140123E420D8064F00C4E50E /* SYVideoFrame.m */,
			);
			path = SYPlayView;
			sourceTree = "<group>";
		};
		141CD7D520DBE58400A32647 /* GLSL */ = {
			isa = PBXGroup;
			children = (
				143540C120DFFC090096DD77 /* RGBFS.glsl */,
				143540C320DFFC090096DD77 /* RGBVS.glsl */,
				143540C220DFFC090096DD77 /* YUVFS.glsl */,
				143540C420DFFC090096DD77 /* YUVVS.glsl */,
			);
			path = GLSL;
			sourceTree = "<group>";
		};
		14B7833F20D95643006BBA98 /* SYFullScreenView */ = {
			isa = PBXGroup;
			children = (
				14B7834120D95643006BBA98 /* SYFullScreenView.h */,
				14B7834020D95643006BBA98 /* SYFullScreenView.m */,
			);
			path = SYFullScreenView;
			sourceTree = "<group>";
		};
		14B7834320D95AF7006BBA98 /* SYScalingView */ = {
			isa = PBXGroup;
			children = (
				14B7834820D95B13006BBA98 /* SYScalingView.h */,
				14B7834720D95B13006BBA98 /* SYScalingView.m */,
			);
			path = SYScalingView;
			sourceTree = "<group>";
		};
		14BDC4ED20DEA63A00B02AF1 /* YUV */ = {
			isa = PBXGroup;
			children = (
				14BDC4E820DEA33C00B02AF1 /* I420ViewController.h */,
				14BDC4E920DEA33C00B02AF1 /* I420ViewController.mm */,
				14BDC4EA20DEA33C00B02AF1 /* I420ViewController.xib */,
				141DCF5A20DFC0570001F08A /* NV12ViewController.h */,
				141DCF5B20DFC0570001F08A /* NV12ViewController.mm */,
				141DCF5C20DFC0570001F08A /* NV12ViewController.xib */,
				1408E33820DFC3FB00DF2B2E /* NV21ViewController.h */,
				1408E33920DFC3FB00DF2B2E /* NV21ViewController.mm */,
				1408E33A20DFC3FB00DF2B2E /* NV21ViewController.xib */,
			);
			path = YUV;
			sourceTree = "<group>";
		};
		14BDC4EE20DEA65300B02AF1 /* RGB */ = {
			isa = PBXGroup;
			children = (
				14BDC4EF20DEA66800B02AF1 /* RGB24ViewController.h */,
				14BDC4F020DEA66800B02AF1 /* RGB24ViewController.mm */,
				14BDC4F120DEA66800B02AF1 /* RGB24ViewController.xib */,
				1476C3EB20F501CB00BEF1F7 /* RGB565ViewController.h */,
				1476C3EC20F501CB00BEF1F7 /* RGB565ViewController.mm */,
				1476C3ED20F501CB00BEF1F7 /* RGB565ViewController.xib */,
			);
			path = RGB;
			sourceTree = "<group>";
		};
		14CDB39C20FE281B00ABEB82 /* SYOpenALPlayer */ = {
			isa = PBXGroup;
			children = (
				14CDB39D20FE281B00ABEB82 /* SYOpenALPlayer.h */,
				14CDB39E20FE281B00ABEB82 /* SYOpenALPlayer.cpp */,
				14CDB39F20FE281B00ABEB82 /* SYWavHeader.h */,
				14CDB3A020FE281B00ABEB82 /* SYWavHeader.cpp */,
			);
			path = SYOpenALPlayer;
			sourceTree = "<group>";
		};
		14CDB3A320FE282500ABEB82 /* Frameworks */ = {
			isa = PBXGroup;
			children = (
				14CDB3A420FE282500ABEB82 /* OpenAL.framework */,
			);
			name = Frameworks;
			sourceTree = "<group>";
		};
/* End PBXGroup section */

/* Begin PBXNativeTarget section */
		140123C620D8042600C4E50E /* SYPlayViewExample */ = {
			isa = PBXNativeTarget;
			buildConfigurationList = 140123DD20D8042700C4E50E /* Build configuration list for PBXNativeTarget "SYPlayViewExample" */;
			buildPhases = (
				140123C320D8042600C4E50E /* Sources */,
				140123C420D8042600C4E50E /* Frameworks */,
				140123C520D8042600C4E50E /* Resources */,
			);
			buildRules = (
			);
			dependencies = (
			);
			name = SYPlayViewExample;
			productName = SYPlayViewExample;
			productReference = 140123C720D8042600C4E50E /* SYPlayViewExample.app */;
			productType = "com.apple.product-type.application";
		};
/* End PBXNativeTarget section */

/* Begin PBXProject section */
		140123BF20D8042600C4E50E /* Project object */ = {
			isa = PBXProject;
			attributes = {
				LastUpgradeCheck = 0940;
				ORGANIZATIONNAME = shenyuanluo;
				TargetAttributes = {
					140123C620D8042600C4E50E = {
						CreatedOnToolsVersion = 9.4.1;
					};
				};
			};
			buildConfigurationList = 140123C220D8042600C4E50E /* Build configuration list for PBXProject "SYPlayViewExample" */;
			compatibilityVersion = "Xcode 9.3";
			developmentRegion = en;
			hasScannedForEncodings = 0;
			knownRegions = (
				en,
				Base,
			);
			mainGroup = 140123BE20D8042600C4E50E;
			productRefGroup = 140123C820D8042600C4E50E /* Products */;
			projectDirPath = "";
			projectRoot = "";
			targets = (
				140123C620D8042600C4E50E /* SYPlayViewExample */,
			);
		};
/* End PBXProject section */

/* Begin PBXResourcesBuildPhase section */
		140123C520D8042600C4E50E /* Resources */ = {
			isa = PBXResourcesBuildPhase;
			buildActionMask = 2147483647;
			files = (
				1408E33C20DFC3FB00DF2B2E /* NV21ViewController.xib in Resources */,
				140123D720D8042700C4E50E /* LaunchScreen.storyboard in Resources */,
				143540C520DFFC0A0096DD77 /* RGBFS.glsl in Resources */,
				1476C3EF20F501CB00BEF1F7 /* RGB565ViewController.xib in Resources */,
				14BDC4F320DEA66800B02AF1 /* RGB24ViewController.xib in Resources */,
				140123E120D8049C00C4E50E /* ViewController.xib in Resources */,
				143540C620DFFC0A0096DD77 /* YUVFS.glsl in Resources */,
				140123D420D8042700C4E50E /* Assets.xcassets in Resources */,
				141DCF5E20DFC0570001F08A /* NV12ViewController.xib in Resources */,
				143540C720DFFC0A0096DD77 /* RGBVS.glsl in Resources */,
				14BDC4EC20DEA33C00B02AF1 /* I420ViewController.xib in Resources */,
				143540C820DFFC0A0096DD77 /* YUVVS.glsl in Resources */,
			);
			runOnlyForDeploymentPostprocessing = 0;
		};
/* End PBXResourcesBuildPhase section */

/* Begin PBXSourcesBuildPhase section */
		140123C320D8042600C4E50E /* Sources */ = {
			isa = PBXSourcesBuildPhase;
			buildActionMask = 2147483647;
			files = (
				14BDC4F220DEA66800B02AF1 /* RGB24ViewController.mm in Sources */,
				14BDC4EB20DEA33C00B02AF1 /* I420ViewController.mm in Sources */,
				14B7834920D95B13006BBA98 /* SYScalingView.m in Sources */,
				140123F120D8074900C4E50E /* SYTransform.m in Sources */,
				141DCF5D20DFC0570001F08A /* NV12ViewController.mm in Sources */,
				140123EB20D8072900C4E50E /* SYShader.m in Sources */,
				140123EE20D8073B00C4E50E /* SYTexture.m in Sources */,
				1476C3EE20F501CB00BEF1F7 /* RGB565ViewController.mm in Sources */,
				14B7834220D95643006BBA98 /* SYFullScreenView.m in Sources */,
				140123CF20D8042600C4E50E /* ViewController.m in Sources */,
				140123DA20D8042700C4E50E /* main.m in Sources */,
				14CDB3A220FE281B00ABEB82 /* SYWavHeader.cpp in Sources */,
				14CDB3A120FE281B00ABEB82 /* SYOpenALPlayer.cpp in Sources */,
				140123CC20D8042600C4E50E /* AppDelegate.m in Sources */,
				1408E33B20DFC3FB00DF2B2E /* NV21ViewController.mm in Sources */,
				140123E520D8064F00C4E50E /* SYVideoFrame.m in Sources */,
				140123E820D806BE00C4E50E /* SYPlayView.m in Sources */,
			);
			runOnlyForDeploymentPostprocessing = 0;
		};
/* End PBXSourcesBuildPhase section */

/* Begin PBXVariantGroup section */
		140123D520D8042700C4E50E /* LaunchScreen.storyboard */ = {
			isa = PBXVariantGroup;
			children = (
				140123D620D8042700C4E50E /* Base */,
			);
			name = LaunchScreen.storyboard;
			sourceTree = "<group>";
		};
/* End PBXVariantGroup section */

/* Begin XCBuildConfiguration section */
		140123DB20D8042700C4E50E /* Debug */ = {
			isa = XCBuildConfiguration;
			buildSettings = {
				ALWAYS_SEARCH_USER_PATHS = NO;
				CLANG_ANALYZER_NONNULL = YES;
				CLANG_ANALYZER_NUMBER_OBJECT_CONVERSION = YES_AGGRESSIVE;
				CLANG_CXX_LANGUAGE_STANDARD = "gnu++14";
				CLANG_CXX_LIBRARY = "libc++";
				CLANG_ENABLE_MODULES = YES;
				CLANG_ENABLE_OBJC_ARC = YES;
				CLANG_ENABLE_OBJC_WEAK = YES;
				CLANG_WARN_BLOCK_CAPTURE_AUTORELEASING = YES;
				CLANG_WARN_BOOL_CONVERSION = YES;
				CLANG_WARN_COMMA = YES;
				CLANG_WARN_CONSTANT_CONVERSION = YES;
				CLANG_WARN_DEPRECATED_OBJC_IMPLEMENTATIONS = YES;
				CLANG_WARN_DIRECT_OBJC_ISA_USAGE = YES_ERROR;
				CLANG_WARN_DOCUMENTATION_COMMENTS = YES;
				CLANG_WARN_EMPTY_BODY = YES;
				CLANG_WARN_ENUM_CONVERSION = YES;
				CLANG_WARN_INFINITE_RECURSION = YES;
				CLANG_WARN_INT_CONVERSION = YES;
				CLANG_WARN_NON_LITERAL_NULL_CONVERSION = YES;
				CLANG_WARN_OBJC_IMPLICIT_RETAIN_SELF = YES;
				CLANG_WARN_OBJC_LITERAL_CONVERSION = YES;
				CLANG_WARN_OBJC_ROOT_CLASS = YES_ERROR;
				CLANG_WARN_RANGE_LOOP_ANALYSIS = YES;
				CLANG_WARN_STRICT_PROTOTYPES = YES;
				CLANG_WARN_SUSPICIOUS_MOVE = YES;
				CLANG_WARN_UNGUARDED_AVAILABILITY = YES_AGGRESSIVE;
				CLANG_WARN_UNREACHABLE_CODE = YES;
				CLANG_WARN__DUPLICATE_METHOD_MATCH = YES;
				CODE_SIGN_IDENTITY = "iPhone Developer";
				COPY_PHASE_STRIP = NO;
				DEBUG_INFORMATION_FORMAT = dwarf;
				ENABLE_STRICT_OBJC_MSGSEND = YES;
				ENABLE_TESTABILITY = YES;
				GCC_C_LANGUAGE_STANDARD = gnu11;
				GCC_DYNAMIC_NO_PIC = NO;
				GCC_NO_COMMON_BLOCKS = YES;
				GCC_OPTIMIZATION_LEVEL = 0;
				GCC_PREPROCESSOR_DEFINITIONS = (
					"DEBUG=1",
					"$(inherited)",
				);
				GCC_WARN_64_TO_32_BIT_CONVERSION = YES;
				GCC_WARN_ABOUT_RETURN_TYPE = YES_ERROR;
				GCC_WARN_UNDECLARED_SELECTOR = YES;
				GCC_WARN_UNINITIALIZED_AUTOS = YES_AGGRESSIVE;
				GCC_WARN_UNUSED_FUNCTION = YES;
				GCC_WARN_UNUSED_VARIABLE = YES;
				IPHONEOS_DEPLOYMENT_TARGET = 11.4;
				MTL_ENABLE_DEBUG_INFO = YES;
				ONLY_ACTIVE_ARCH = YES;
				SDKROOT = iphoneos;
			};
			name = Debug;
		};
		140123DC20D8042700C4E50E /* Release */ = {
			isa = XCBuildConfiguration;
			buildSettings = {
				ALWAYS_SEARCH_USER_PATHS = NO;
				CLANG_ANALYZER_NONNULL = YES;
				CLANG_ANALYZER_NUMBER_OBJECT_CONVERSION = YES_AGGRESSIVE;
				CLANG_CXX_LANGUAGE_STANDARD = "gnu++14";
				CLANG_CXX_LIBRARY = "libc++";
				CLANG_ENABLE_MODULES = YES;
				CLANG_ENABLE_OBJC_ARC = YES;
				CLANG_ENABLE_OBJC_WEAK = YES;
				CLANG_WARN_BLOCK_CAPTURE_AUTORELEASING = YES;
				CLANG_WARN_BOOL_CONVERSION = YES;
				CLANG_WARN_COMMA = YES;
				CLANG_WARN_CONSTANT_CONVERSION = YES;
				CLANG_WARN_DEPRECATED_OBJC_IMPLEMENTATIONS = YES;
				CLANG_WARN_DIRECT_OBJC_ISA_USAGE = YES_ERROR;
				CLANG_WARN_DOCUMENTATION_COMMENTS = YES;
				CLANG_WARN_EMPTY_BODY = YES;
				CLANG_WARN_ENUM_CONVERSION = YES;
				CLANG_WARN_INFINITE_RECURSION = YES;
				CLANG_WARN_INT_CONVERSION = YES;
				CLANG_WARN_NON_LITERAL_NULL_CONVERSION = YES;
				CLANG_WARN_OBJC_IMPLICIT_RETAIN_SELF = YES;
				CLANG_WARN_OBJC_LITERAL_CONVERSION = YES;
				CLANG_WARN_OBJC_ROOT_CLASS = YES_ERROR;
				CLANG_WARN_RANGE_LOOP_ANALYSIS = YES;
				CLANG_WARN_STRICT_PROTOTYPES = YES;
				CLANG_WARN_SUSPICIOUS_MOVE = YES;
				CLANG_WARN_UNGUARDED_AVAILABILITY = YES_AGGRESSIVE;
				CLANG_WARN_UNREACHABLE_CODE = YES;
				CLANG_WARN__DUPLICATE_METHOD_MATCH = YES;
				CODE_SIGN_IDENTITY = "iPhone Developer";
				COPY_PHASE_STRIP = NO;
				DEBUG_INFORMATION_FORMAT = "dwarf-with-dsym";
				ENABLE_NS_ASSERTIONS = NO;
				ENABLE_STRICT_OBJC_MSGSEND = YES;
				GCC_C_LANGUAGE_STANDARD = gnu11;
				GCC_NO_COMMON_BLOCKS = YES;
				GCC_WARN_64_TO_32_BIT_CONVERSION = YES;
				GCC_WARN_ABOUT_RETURN_TYPE = YES_ERROR;
				GCC_WARN_UNDECLARED_SELECTOR = YES;
				GCC_WARN_UNINITIALIZED_AUTOS = YES_AGGRESSIVE;
				GCC_WARN_UNUSED_FUNCTION = YES;
				GCC_WARN_UNUSED_VARIABLE = YES;
				IPHONEOS_DEPLOYMENT_TARGET = 11.4;
				MTL_ENABLE_DEBUG_INFO = NO;
				SDKROOT = iphoneos;
				VALIDATE_PRODUCT = YES;
			};
			name = Release;
		};
		140123DE20D8042700C4E50E /* Debug */ = {
			isa = XCBuildConfiguration;
			buildSettings = {
				ASSETCATALOG_COMPILER_APPICON_NAME = AppIcon;
				CODE_SIGN_STYLE = Automatic;
				DEVELOPMENT_TEAM = "";
				INFOPLIST_FILE = SYPlayViewExample/Info.plist;
				IPHONEOS_DEPLOYMENT_TARGET = 8.0;
				LD_RUNPATH_SEARCH_PATHS = (
					"$(inherited)",
					"@executable_path/Frameworks",
				);
				PRODUCT_BUNDLE_IDENTIFIER = blog.shenyuanluo.com.SYPlayViewExample;
				PRODUCT_NAME = "$(TARGET_NAME)";
				TARGETED_DEVICE_FAMILY = "1,2";
			};
			name = Debug;
		};
		140123DF20D8042700C4E50E /* Release */ = {
			isa = XCBuildConfiguration;
			buildSettings = {
				ASSETCATALOG_COMPILER_APPICON_NAME = AppIcon;
				CODE_SIGN_STYLE = Automatic;
				DEVELOPMENT_TEAM = "";
				INFOPLIST_FILE = SYPlayViewExample/Info.plist;
				IPHONEOS_DEPLOYMENT_TARGET = 8.0;
				LD_RUNPATH_SEARCH_PATHS = (
					"$(inherited)",
					"@executable_path/Frameworks",
				);
				PRODUCT_BUNDLE_IDENTIFIER = blog.shenyuanluo.com.SYPlayViewExample;
				PRODUCT_NAME = "$(TARGET_NAME)";
				TARGETED_DEVICE_FAMILY = "1,2";
			};
			name = Release;
		};
/* End XCBuildConfiguration section */

/* Begin XCConfigurationList section */
		140123C220D8042600C4E50E /* Build configuration list for PBXProject "SYPlayViewExample" */ = {
			isa = XCConfigurationList;
			buildConfigurations = (
				140123DB20D8042700C4E50E /* Debug */,
				140123DC20D8042700C4E50E /* Release */,
			);
			defaultConfigurationIsVisible = 0;
			defaultConfigurationName = Release;
		};
		140123DD20D8042700C4E50E /* Build configuration list for PBXNativeTarget "SYPlayViewExample" */ = {
			isa = XCConfigurationList;
			buildConfigurations = (
				140123DE20D8042700C4E50E /* Debug */,
				140123DF20D8042700C4E50E /* Release */,
			);
			defaultConfigurationIsVisible = 0;
			defaultConfigurationName = Release;
		};
/* End XCConfigurationList section */
	};
	rootObject = 140123BF20D8042600C4E50E /* Project object */;
}
